
Microsoft Visual Studio Solution File, Format Version 11.00
# Visual Studio 2010
Project("{FAE04EC0-301F-11D3-BF4B-00C04F79EFBC}") = "VR-FinalProjectSophie", "Assembly-CSharp.csproj", "{FE3DA895-27E8-F1D9-758C-372181222568}"
EndProject
Project("{FAE04EC0-301F-11D3-BF4B-00C04F79EFBC}") = "VR-FinalProjectSophie", "Assembly-CSharp-Editor.csproj", "{563C36D5-43D2-1C2D-1B56-355898F5D426}"
EndProject
Global
	GlobalSection(SolutionConfigurationPlatforms) = preSolution
		Debug|Any CPU = Debug|Any CPU
		Release|Any CPU = Release|Any CPU
	EndGlobalSection
	GlobalSection(ProjectConfigurationPlatforms) = postSolution
		{FE3DA895-27E8-F1D9-758C-372181222568}.Debug|Any CPU.ActiveCfg = Debug|Any CPU
		{FE3DA895-27E8-F1D9-758C-372181222568}.Debug|Any CPU.Build.0 = Debug|Any CPU
		{FE3DA895-27E8-F1D9-758C-372181222568}.Release|Any CPU.ActiveCfg = Release|Any CPU
		{FE3DA895-27E8-F1D9-758C-372181222568}.Release|Any CPU.Build.0 = Release|Any CPU
		{563C36D5-43D2-1C2D-1B56-355898F5D426}.Debug|Any CPU.ActiveCfg = Debug|Any CPU
		{563C36D5-43D2-1C2D-1B56-355898F5D426}.Debug|Any CPU.Build.0 = Debug|Any CPU
		{563C36D5-43D2-1C2D-1B56-355898F5D426}.Release|Any CPU.ActiveCfg = Release|Any CPU
		{563C36D5-43D2-1C2D-1B56-355898F5D426}.Release|Any CPU.Build.0 = Release|Any CPU
	EndGlobalSection
	GlobalSection(SolutionProperties) = preSolution
		HideSolutionNode = FALSE
	EndGlobalSection
	GlobalSection(MonoDevelopProperties) = preSolution
		StartupItem = Assembly-CSharp.csproj
	EndGlobalSection
EndGlobal
